// !$*UTF8*$!
{
	archiveVersion = 1;
	classes = {
	};
	objectVersion = 46;
	objects = {

/* Begin PBXBuildFile section */
		7A0E25241BE939A0005C73CB /* NodeHelper.cpp in Sources */ = {isa = PBXBuildFile; fileRef = 7A0E25221BE939A0005C73CB /* NodeHelper.cpp */; };
		7A23CBF21BE91025007B1A40 /* main.cpp in Sources */ = {isa = PBXBuildFile; fileRef = 7A23CBF11BE91025007B1A40 /* main.cpp */; };
		7A23CC1A1BE9198C007B1A40 /* Settings.cpp in Sources */ = {isa = PBXBuildFile; fileRef = 7A23CC181BE9198C007B1A40 /* Settings.cpp */; };
		7A23CC1D1BE9199F007B1A40 /* Node.cpp in Sources */ = {isa = PBXBuildFile; fileRef = 7A23CC1B1BE9199F007B1A40 /* Node.cpp */; };
		7A6370D71BED14A100884660 /* AStar.cpp in Sources */ = {isa = PBXBuildFile; fileRef = 7A6370D51BED14A100884660 /* AStar.cpp */; };
/* End PBXBuildFile section */

/* Begin PBXCopyFilesBuildPhase section */
		7A23CBEC1BE91025007B1A40 /* CopyFiles */ = {
			isa = PBXCopyFilesBuildPhase;
			buildActionMask = 2147483647;
			dstPath = /usr/share/man/man1/;
			dstSubfolderSpec = 0;
			files = (
			);
			runOnlyForDeploymentPostprocessing = 1;
		};
/* End PBXCopyFilesBuildPhase section */

/* Begin PBXFileReference section */
		7A0E25221BE939A0005C73CB /* NodeHelper.cpp */ = {isa = PBXFileReference; fileEncoding = 4; lastKnownFileType = sourcecode.cpp.cpp; path = NodeHelper.cpp; sourceTree = "<group>"; };
		7A0E25231BE939A0005C73CB /* NodeHelper.hpp */ = {isa = PBXFileReference; fileEncoding = 4; lastKnownFileType = sourcecode.cpp.h; path = NodeHelper.hpp; sourceTree = "<group>"; };
		7A12E5C21BEEB50F00888C43 /* MisplacedTiles.hpp */ = {isa = PBXFileReference; fileEncoding = 4; lastKnownFileType = sourcecode.cpp.h; path = MisplacedTiles.hpp; sourceTree = "<group>"; };
		7A12E5C51BEEB55100888C43 /* Manhattan.hpp */ = {isa = PBXFileReference; fileEncoding = 4; lastKnownFileType = sourcecode.cpp.h; path = Manhattan.hpp; sourceTree = "<group>"; };
		7A12E5C81BEEBAE700888C43 /* Heuristic.hpp */ = {isa = PBXFileReference; fileEncoding = 4; lastKnownFileType = sourcecode.cpp.h; path = Heuristic.hpp; sourceTree = "<group>"; };
		7A12E5CB1BEFA60B00888C43 /* WalkingDistance.hpp */ = {isa = PBXFileReference; fileEncoding = 4; lastKnownFileType = sourcecode.cpp.h; path = WalkingDistance.hpp; sourceTree = "<group>"; };
		7A12E5CE1BEFFA3400888C43 /* LinearConflict.hpp */ = {isa = PBXFileReference; fileEncoding = 4; lastKnownFileType = sourcecode.cpp.h; path = LinearConflict.hpp; sourceTree = "<group>"; };
		7A23CBEE1BE91025007B1A40 /* puzzle */ = {isa = PBXFileReference; explicitFileType = "compiled.mach-o.executable"; includeInIndex = 0; path = puzzle; sourceTree = BUILT_PRODUCTS_DIR; };
		7A23CBF11BE91025007B1A40 /* main.cpp */ = {isa = PBXFileReference; lastKnownFileType = sourcecode.cpp.cpp; path = main.cpp; sourceTree = "<group>"; };
		7A23CBFE1BE918D9007B1A40 /* data */ = {isa = PBXFileReference; lastKnownFileType = folder; path = data; sourceTree = "<group>"; };
		7A23CC181BE9198C007B1A40 /* Settings.cpp */ = {isa = PBXFileReference; fileEncoding = 4; lastKnownFileType = sourcecode.cpp.cpp; path = Settings.cpp; sourceTree = "<group>"; };
		7A23CC191BE9198C007B1A40 /* Settings.hpp */ = {isa = PBXFileReference; fileEncoding = 4; lastKnownFileType = sourcecode.cpp.h; path = Settings.hpp; sourceTree = "<group>"; };
		7A23CC1B1BE9199F007B1A40 /* Node.cpp */ = {isa = PBXFileReference; fileEncoding = 4; lastKnownFileType = sourcecode.cpp.cpp; name = Node.cpp; path = puzzle/src/domain/Node.cpp; sourceTree = SOURCE_ROOT; };
		7A23CC1C1BE9199F007B1A40 /* Node.hpp */ = {isa = PBXFileReference; fileEncoding = 4; lastKnownFileType = sourcecode.cpp.h; name = Node.hpp; path = puzzle/src/domain/Node.hpp; sourceTree = SOURCE_ROOT; };
		7A6370D51BED14A100884660 /* AStar.cpp */ = {isa = PBXFileReference; fileEncoding = 4; lastKnownFileType = sourcecode.cpp.cpp; path = AStar.cpp; sourceTree = "<group>"; };
		7A6370D61BED14A100884660 /* AStar.hpp */ = {isa = PBXFileReference; fileEncoding = 4; lastKnownFileType = sourcecode.cpp.h; path = AStar.hpp; sourceTree = "<group>"; };
/* End PBXFileReference section */

/* Begin PBXFrameworksBuildPhase section */
		7A23CBEB1BE91025007B1A40 /* Frameworks */ = {
			isa = PBXFrameworksBuildPhase;
			buildActionMask = 2147483647;
			files = (
			);
			runOnlyForDeploymentPostprocessing = 0;
		};
/* End PBXFrameworksBuildPhase section */

/* Begin PBXGroup section */
		7A23CBE51BE91025007B1A40 = {
			isa = PBXGroup;
			children = (
				7A23CBEF1BE91025007B1A40 /* Products */,
				7A23CBF01BE91025007B1A40 /* puzzle */,
			);
			sourceTree = "<group>";
		};
		7A23CBEF1BE91025007B1A40 /* Products */ = {
			isa = PBXGroup;
			children = (
				7A23CBEE1BE91025007B1A40 /* puzzle */,
			);
			name = Products;
			sourceTree = "<group>";
		};
		7A23CBF01BE91025007B1A40 /* puzzle */ = {
			isa = PBXGroup;
			children = (
				7A23CBFE1BE918D9007B1A40 /* data */,
				7A23CBFD1BE91755007B1A40 /* src */,
				7A23CBF11BE91025007B1A40 /* main.cpp */,
			);
			path = puzzle;
			sourceTree = "<group>";
		};
		7A23CBFD1BE91755007B1A40 /* src */ = {
			isa = PBXGroup;
			children = (
				7A23CC171BE9197E007B1A40 /* helper */,
				7A23CC161BE91979007B1A40 /* domain */,
				7A23CC0C1BE9195D007B1A40 /* algorithms */,
			);
			path = src;
			sourceTree = "<group>";
		};
		7A23CC0C1BE9195D007B1A40 /* algorithms */ = {
			isa = PBXGroup;
			children = (
				7A12E5C51BEEB55100888C43 /* Manhattan.hpp */,
				7A6370D51BED14A100884660 /* AStar.cpp */,
				7A6370D61BED14A100884660 /* AStar.hpp */,
				7A12E5C21BEEB50F00888C43 /* MisplacedTiles.hpp */,
				7A12E5C81BEEBAE700888C43 /* Heuristic.hpp */,
				7A12E5CB1BEFA60B00888C43 /* WalkingDistance.hpp */,
				7A12E5CE1BEFFA3400888C43 /* LinearConflict.hpp */,
			);
			path = algorithms;
			sourceTree = "<group>";
		};
		7A23CC161BE91979007B1A40 /* domain */ = {
			isa = PBXGroup;
			children = (
				7A23CC1B1BE9199F007B1A40 /* Node.cpp */,
				7A23CC1C1BE9199F007B1A40 /* Node.hpp */,
			);
			path = domain;
			sourceTree = "<group>";
		};
		7A23CC171BE9197E007B1A40 /* helper */ = {
			isa = PBXGroup;
			children = (
				7A23CC181BE9198C007B1A40 /* Settings.cpp */,
				7A23CC191BE9198C007B1A40 /* Settings.hpp */,
				7A0E25221BE939A0005C73CB /* NodeHelper.cpp */,
				7A0E25231BE939A0005C73CB /* NodeHelper.hpp */,
			);
			path = helper;
			sourceTree = "<group>";
		};
/* End PBXGroup section */

/* Begin PBXNativeTarget section */
		7A23CBED1BE91025007B1A40 /* puzzle */ = {
			isa = PBXNativeTarget;
			buildConfigurationList = 7A23CBF51BE91025007B1A40 /* Build configuration list for PBXNativeTarget "puzzle" */;
			buildPhases = (
				7A23CBEA1BE91025007B1A40 /* Sources */,
				7A23CBEB1BE91025007B1A40 /* Frameworks */,
				7A23CBEC1BE91025007B1A40 /* CopyFiles */,
			);
			buildRules = (
			);
			dependencies = (
			);
			name = puzzle;
			productName = puzzle;
			productReference = 7A23CBEE1BE91025007B1A40 /* puzzle */;
			productType = "com.apple.product-type.tool";
		};
/* End PBXNativeTarget section */

/* Begin PBXProject section */
		7A23CBE61BE91025007B1A40 /* Project object */ = {
			isa = PBXProject;
			attributes = {
				LastUpgradeCheck = 0710;
				ORGANIZATIONNAME = "Jordan Silva";
				TargetAttributes = {
					7A23CBED1BE91025007B1A40 = {
						CreatedOnToolsVersion = 7.1;
					};
				};
			};
			buildConfigurationList = 7A23CBE91BE91025007B1A40 /* Build configuration list for PBXProject "puzzle" */;
			compatibilityVersion = "Xcode 3.2";
			developmentRegion = English;
			hasScannedForEncodings = 0;
			knownRegions = (
				en,
			);
			mainGroup = 7A23CBE51BE91025007B1A40;
			productRefGroup = 7A23CBEF1BE91025007B1A40 /* Products */;
			projectDirPath = "";
			projectRoot = "";
			targets = (
				7A23CBED1BE91025007B1A40 /* puzzle */,
			);
		};
/* End PBXProject section */

/* Begin PBXSourcesBuildPhase section */
		7A23CBEA1BE91025007B1A40 /* Sources */ = {
			isa = PBXSourcesBuildPhase;
			buildActionMask = 2147483647;
			files = (
				7A23CC1D1BE9199F007B1A40 /* Node.cpp in Sources */,
				7A6370D71BED14A100884660 /* AStar.cpp in Sources */,
				7A0E25241BE939A0005C73CB /* NodeHelper.cpp in Sources */,
				7A23CC1A1BE9198C007B1A40 /* Settings.cpp in Sources */,
				7A23CBF21BE91025007B1A40 /* main.cpp in Sources */,
			);
			runOnlyForDeploymentPostprocessing = 0;
		};
/* End PBXSourcesBuildPhase section */

/* Begin XCBuildConfiguration section */
		7A23CBF31BE91025007B1A40 /* Debug */ = {
			isa = XCBuildConfiguration;
			buildSettings = {
				ALWAYS_SEARCH_USER_PATHS = NO;
				CLANG_CXX_LANGUAGE_STANDARD = "gnu++0x";
				CLANG_CXX_LIBRARY = "libc++";
				CLANG_ENABLE_MODULES = YES;
				CLANG_ENABLE_OBJC_ARC = YES;
				CLANG_WARN_BOOL_CONVERSION = YES;
				CLANG_WARN_CONSTANT_CONVERSION = YES;
				CLANG_WARN_DIRECT_OBJC_ISA_USAGE = YES_ERROR;
				CLANG_WARN_EMPTY_BODY = YES;
				CLANG_WARN_ENUM_CONVERSION = YES;
				CLANG_WARN_INT_CONVERSION = YES;
				CLANG_WARN_OBJC_ROOT_CLASS = YES_ERROR;
				CLANG_WARN_UNREACHABLE_CODE = YES;
				CLANG_WARN__DUPLICATE_METHOD_MATCH = YES;
				CODE_SIGN_IDENTITY = "-";
				COPY_PHASE_STRIP = NO;
				DEBUG_INFORMATION_FORMAT = dwarf;
				ENABLE_STRICT_OBJC_MSGSEND = YES;
				ENABLE_TESTABILITY = YES;
				GCC_C_LANGUAGE_STANDARD = gnu99;
				GCC_DYNAMIC_NO_PIC = NO;
				GCC_NO_COMMON_BLOCKS = YES;
				GCC_OPTIMIZATION_LEVEL = 0;
				GCC_PREPROCESSOR_DEFINITIONS = (
					"DEBUG=1",
					"$(inherited)",
				);
				GCC_WARN_64_TO_32_BIT_CONVERSION = YES;
				GCC_WARN_ABOUT_RETURN_TYPE = YES_ERROR;
				GCC_WARN_UNDECLARED_SELECTOR = YES;
				GCC_WARN_UNINITIALIZED_AUTOS = YES_AGGRESSIVE;
				GCC_WARN_UNUSED_FUNCTION = YES;
				GCC_WARN_UNUSED_VARIABLE = YES;
				MACOSX_DEPLOYMENT_TARGET = 10.11;
				MTL_ENABLE_DEBUG_INFO = YES;
				ONLY_ACTIVE_ARCH = YES;
				SDKROOT = macosx;
			};
			name = Debug;
		};
		7A23CBF41BE91025007B1A40 /* Release */ = {
			isa = XCBuildConfiguration;
			buildSettings = {
				ALWAYS_SEARCH_USER_PATHS = NO;
				CLANG_CXX_LANGUAGE_STANDARD = "gnu++0x";
				CLANG_CXX_LIBRARY = "libc++";
				CLANG_ENABLE_MODULES = YES;
				CLANG_ENABLE_OBJC_ARC = YES;
				CLANG_WARN_BOOL_CONVERSION = YES;
				CLANG_WARN_CONSTANT_CONVERSION = YES;
				CLANG_WARN_DIRECT_OBJC_ISA_USAGE = YES_ERROR;
				CLANG_WARN_EMPTY_BODY = YES;
				CLANG_WARN_ENUM_CONVERSION = YES;
				CLANG_WARN_INT_CONVERSION = YES;
				CLANG_WARN_OBJC_ROOT_CLASS = YES_ERROR;
				CLANG_WARN_UNREACHABLE_CODE = YES;
				CLANG_WARN__DUPLICATE_METHOD_MATCH = YES;
				CODE_SIGN_IDENTITY = "-";
				COPY_PHASE_STRIP = NO;
				DEBUG_INFORMATION_FORMAT = "dwarf-with-dsym";
				ENABLE_NS_ASSERTIONS = NO;
				ENABLE_STRICT_OBJC_MSGSEND = YES;
				GCC_C_LANGUAGE_STANDARD = gnu99;
				GCC_NO_COMMON_BLOCKS = YES;
				GCC_WARN_64_TO_32_BIT_CONVERSION = YES;
				GCC_WARN_ABOUT_RETURN_TYPE = YES_ERROR;
				GCC_WARN_UNDECLARED_SELECTOR = YES;
				GCC_WARN_UNINITIALIZED_AUTOS = YES_AGGRESSIVE;
				GCC_WARN_UNUSED_FUNCTION = YES;
				GCC_WARN_UNUSED_VARIABLE = YES;
				MACOSX_DEPLOYMENT_TARGET = 10.11;
				MTL_ENABLE_DEBUG_INFO = NO;
				SDKROOT = macosx;
			};
			name = Release;
		};
		7A23CBF61BE91025007B1A40 /* Debug */ = {
			isa = XCBuildConfiguration;
			buildSettings = {
				GCC_OPTIMIZATION_LEVEL = 3;
				OTHER_CPLUSPLUSFLAGS = (
					"$(OTHER_CFLAGS)",
					"-O3",
					"-std=c++11",
				);
				PRODUCT_NAME = "$(TARGET_NAME)";
			};
			name = Debug;
		};
		7A23CBF71BE91025007B1A40 /* Release */ = {
			isa = XCBuildConfiguration;
			buildSettings = {
				OTHER_CPLUSPLUSFLAGS = (
					"$(OTHER_CFLAGS)",
					"-O3",
					"-std=c++11",
				);
				PRODUCT_NAME = "$(TARGET_NAME)";
			};
			name = Release;
		};
/* End XCBuildConfiguration section */

/* Begin XCConfigurationList section */
		7A23CBE91BE91025007B1A40 /* Build configuration list for PBXProject "puzzle" */ = {
			isa = XCConfigurationList;
			buildConfigurations = (
				7A23CBF31BE91025007B1A40 /* Debug */,
				7A23CBF41BE91025007B1A40 /* Release */,
			);
			defaultConfigurationIsVisible = 0;
			defaultConfigurationName = Release;
		};
		7A23CBF51BE91025007B1A40 /* Build configuration list for PBXNativeTarget "puzzle" */ = {
			isa = XCConfigurationList;
			buildConfigurations = (
				7A23CBF61BE91025007B1A40 /* Debug */,
				7A23CBF71BE91025007B1A40 /* Release */,
			);
			defaultConfigurationIsVisible = 0;
			defaultConfigurationName = Release;
		};
/* End XCConfigurationList section */
	};
	rootObject = 7A23CBE61BE91025007B1A40 /* Project object */;
}
